
Microsoft Visual Studio Solution File, Format Version 12.00
Project("{FAE04EC0-301F-11D3-BF4B-00C04F79EFBC}") = "Cats.API", "Cats.API\Cats.API.csproj", "{BE30661D-CA4C-4E45-A857-0E18FBBD9C19}"
EndProject
Global
	GlobalSection(SolutionConfigurationPlatforms) = preSolution
		Debug|Any CPU = Debug|Any CPU
		Release|Any CPU = Release|Any CPU
	EndGlobalSection
	GlobalSection(ProjectConfigurationPlatforms) = postSolution
		{BE30661D-CA4C-4E45-A857-0E18FBBD9C19}.Debug|Any CPU.ActiveCfg = Debug|Any CPU
		{BE30661D-CA4C-4E45-A857-0E18FBBD9C19}.Debug|Any CPU.Build.0 = Debug|Any CPU
		{BE30661D-CA4C-4E45-A857-0E18FBBD9C19}.Release|Any CPU.ActiveCfg = Release|Any CPU
		{BE30661D-CA4C-4E45-A857-0E18FBBD9C19}.Release|Any CPU.Build.0 = Release|Any CPU
	EndGlobalSection
EndGlobal
